
Microsoft Visual Studio Solution File, Format Version 12.00
# Visual Studio Version 17
VisualStudioVersion = 17.14.36414.22 d17.14
MinimumVisualStudioVersion = 10.0.40219.1
Project("{888888A0-9F3D-457C-B088-3A5042F75D52}") = "sudoku-solver", "sudoku-solver\sudoku-solver.pyproj", "{2EEFA6BF-863D-40D3-91F2-B70CCC18AE59}"
EndProject
Global
	GlobalSection(SolutionConfigurationPlatforms) = preSolution
		Debug|Any CPU = Debug|Any CPU
		Release|Any CPU = Release|Any CPU
	EndGlobalSection
	GlobalSection(ProjectConfigurationPlatforms) = postSolution
		{2EEFA6BF-863D-40D3-91F2-B70CCC18AE59}.Debug|Any CPU.ActiveCfg = Debug|Any CPU
		{2EEFA6BF-863D-40D3-91F2-B70CCC18AE59}.Release|Any CPU.ActiveCfg = Release|Any CPU
	EndGlobalSection
	GlobalSection(SolutionProperties) = preSolution
		HideSolutionNode = FALSE
	EndGlobalSection
	GlobalSection(ExtensibilityGlobals) = postSolution
		SolutionGuid = {96088177-7483-470E-9BF6-9ADB2E718D10}
	EndGlobalSection
EndGlobal
